
Microsoft Visual Studio Solution File, Format Version 12.00
# Visual Studio 15
VisualStudioVersion = 15.0.27428.2037
MinimumVisualStudioVersion = 10.0.40219.1
Project("{FAE04EC0-301F-11D3-BF4B-00C04F79EFBC}") = "MemoryEmulation", "MemoryEmulation\MemoryEmulation.csproj", "{616CDA72-71D8-4600-A00D-1DE66A4F7149}"
EndProject
Project("{FAE04EC0-301F-11D3-BF4B-00C04F79EFBC}") = "MemoryEmulation.Context", "MemoryEmulation.Context\MemoryEmulation.Context.csproj", "{F03B4CEF-52CB-4D3D-A4BB-90CB16DBCADC}"
EndProject
Project("{FAE04EC0-301F-11D3-BF4B-00C04F79EFBC}") = "MemoryEmulation.BusinessLogic", "MemoryEmulation.BusinessLogic\MemoryEmulation.BusinessLogic.csproj", "{556E0623-BEB3-4053-AE1D-CE61619FD62B}"
EndProject
Global
	GlobalSection(SolutionConfigurationPlatforms) = preSolution
		Debug|Any CPU = Debug|Any CPU
		Release|Any CPU = Release|Any CPU
	EndGlobalSection
	GlobalSection(ProjectConfigurationPlatforms) = postSolution
		{616CDA72-71D8-4600-A00D-1DE66A4F7149}.Debug|Any CPU.ActiveCfg = Debug|Any CPU
		{616CDA72-71D8-4600-A00D-1DE66A4F7149}.Debug|Any CPU.Build.0 = Debug|Any CPU
		{616CDA72-71D8-4600-A00D-1DE66A4F7149}.Release|Any CPU.ActiveCfg = Release|Any CPU
		{616CDA72-71D8-4600-A00D-1DE66A4F7149}.Release|Any CPU.Build.0 = Release|Any CPU
		{F03B4CEF-52CB-4D3D-A4BB-90CB16DBCADC}.Debug|Any CPU.ActiveCfg = Debug|Any CPU
		{F03B4CEF-52CB-4D3D-A4BB-90CB16DBCADC}.Debug|Any CPU.Build.0 = Debug|Any CPU
		{F03B4CEF-52CB-4D3D-A4BB-90CB16DBCADC}.Release|Any CPU.ActiveCfg = Release|Any CPU
		{F03B4CEF-52CB-4D3D-A4BB-90CB16DBCADC}.Release|Any CPU.Build.0 = Release|Any CPU
		{556E0623-BEB3-4053-AE1D-CE61619FD62B}.Debug|Any CPU.ActiveCfg = Debug|Any CPU
		{556E0623-BEB3-4053-AE1D-CE61619FD62B}.Debug|Any CPU.Build.0 = Debug|Any CPU
		{556E0623-BEB3-4053-AE1D-CE61619FD62B}.Release|Any CPU.ActiveCfg = Release|Any CPU
		{556E0623-BEB3-4053-AE1D-CE61619FD62B}.Release|Any CPU.Build.0 = Release|Any CPU
	EndGlobalSection
	GlobalSection(SolutionProperties) = preSolution
		HideSolutionNode = FALSE
	EndGlobalSection
	GlobalSection(ExtensibilityGlobals) = postSolution
		SolutionGuid = {04588B23-90DA-4FB0-913A-B03D38F18B07}
	EndGlobalSection
EndGlobal
